
Microsoft Visual Studio Solution File, Format Version 12.00
# Visual Studio Version 16
VisualStudioVersion = 16.0.32602.291
MinimumVisualStudioVersion = 10.0.40219.1
Project("{FAE04EC0-301F-11D3-BF4B-00C04F79EFBC}") = "TConverter_gui", "TConverter_gui\TConverter_gui.csproj", "{9F012C5B-2DFA-4147-BBD5-2C5A377530A6}"
EndProject
Global
	GlobalSection(SolutionConfigurationPlatforms) = preSolution
		Debug|Any CPU = Debug|Any CPU
		Release|Any CPU = Release|Any CPU
	EndGlobalSection
	GlobalSection(ProjectConfigurationPlatforms) = postSolution
		{9F012C5B-2DFA-4147-BBD5-2C5A377530A6}.Debug|Any CPU.ActiveCfg = Debug|Any CPU
		{9F012C5B-2DFA-4147-BBD5-2C5A377530A6}.Debug|Any CPU.Build.0 = Debug|Any CPU
		{9F012C5B-2DFA-4147-BBD5-2C5A377530A6}.Release|Any CPU.ActiveCfg = Release|Any CPU
		{9F012C5B-2DFA-4147-BBD5-2C5A377530A6}.Release|Any CPU.Build.0 = Release|Any CPU
	EndGlobalSection
	GlobalSection(SolutionProperties) = preSolution
		HideSolutionNode = FALSE
	EndGlobalSection
	GlobalSection(ExtensibilityGlobals) = postSolution
		SolutionGuid = {3AD96584-8B2E-45A4-B31D-68BDBA680DF1}
	EndGlobalSection
EndGlobal
